
Microsoft Visual Studio Solution File, Format Version 12.00
# Visual Studio Version 16
VisualStudioVersion = 16.0.31605.320
MinimumVisualStudioVersion = 10.0.40219.1
Project("{FAE04EC0-301F-11D3-BF4B-00C04F79EFBC}") = "WebApiWithRedis", "WebApiWithRedis\WebApiWithRedis.csproj", "{6DF08C71-F09D-4C1F-94C6-B9FBB2351787}"
EndProject
Project("{FAE04EC0-301F-11D3-BF4B-00C04F79EFBC}") = "Core", "Core\Core.csproj", "{3D41D47A-E484-4E1C-9331-55BA30BBB923}"
EndProject
Project("{FAE04EC0-301F-11D3-BF4B-00C04F79EFBC}") = "Repository", "Repository\Repository.csproj", "{4F1BB429-5EAD-4CDE-9992-21AE1D85002A}"
EndProject
Project("{FAE04EC0-301F-11D3-BF4B-00C04F79EFBC}") = "DataAccess", "DataAccess\DataAccess.csproj", "{66D882CA-EF10-4C45-BC3B-037D6F8BCFF5}"
EndProject
Project("{FAE04EC0-301F-11D3-BF4B-00C04F79EFBC}") = "Service", "Service\Service.csproj", "{3CA192E5-7567-469A-9CB1-0304A4E58B28}"
EndProject
Global
	GlobalSection(SolutionConfigurationPlatforms) = preSolution
		Debug|Any CPU = Debug|Any CPU
		Release|Any CPU = Release|Any CPU
	EndGlobalSection
	GlobalSection(ProjectConfigurationPlatforms) = postSolution
		{6DF08C71-F09D-4C1F-94C6-B9FBB2351787}.Debug|Any CPU.ActiveCfg = Debug|Any CPU
		{6DF08C71-F09D-4C1F-94C6-B9FBB2351787}.Debug|Any CPU.Build.0 = Debug|Any CPU
		{6DF08C71-F09D-4C1F-94C6-B9FBB2351787}.Release|Any CPU.ActiveCfg = Release|Any CPU
		{6DF08C71-F09D-4C1F-94C6-B9FBB2351787}.Release|Any CPU.Build.0 = Release|Any CPU
		{3D41D47A-E484-4E1C-9331-55BA30BBB923}.Debug|Any CPU.ActiveCfg = Debug|Any CPU
		{3D41D47A-E484-4E1C-9331-55BA30BBB923}.Debug|Any CPU.Build.0 = Debug|Any CPU
		{3D41D47A-E484-4E1C-9331-55BA30BBB923}.Release|Any CPU.ActiveCfg = Release|Any CPU
		{3D41D47A-E484-4E1C-9331-55BA30BBB923}.Release|Any CPU.Build.0 = Release|Any CPU
		{4F1BB429-5EAD-4CDE-9992-21AE1D85002A}.Debug|Any CPU.ActiveCfg = Debug|Any CPU
		{4F1BB429-5EAD-4CDE-9992-21AE1D85002A}.Debug|Any CPU.Build.0 = Debug|Any CPU
		{4F1BB429-5EAD-4CDE-9992-21AE1D85002A}.Release|Any CPU.ActiveCfg = Release|Any CPU
		{4F1BB429-5EAD-4CDE-9992-21AE1D85002A}.Release|Any CPU.Build.0 = Release|Any CPU
		{66D882CA-EF10-4C45-BC3B-037D6F8BCFF5}.Debug|Any CPU.ActiveCfg = Debug|Any CPU
		{66D882CA-EF10-4C45-BC3B-037D6F8BCFF5}.Debug|Any CPU.Build.0 = Debug|Any CPU
		{66D882CA-EF10-4C45-BC3B-037D6F8BCFF5}.Release|Any CPU.ActiveCfg = Release|Any CPU
		{66D882CA-EF10-4C45-BC3B-037D6F8BCFF5}.Release|Any CPU.Build.0 = Release|Any CPU
		{3CA192E5-7567-469A-9CB1-0304A4E58B28}.Debug|Any CPU.ActiveCfg = Debug|Any CPU
		{3CA192E5-7567-469A-9CB1-0304A4E58B28}.Debug|Any CPU.Build.0 = Debug|Any CPU
		{3CA192E5-7567-469A-9CB1-0304A4E58B28}.Release|Any CPU.ActiveCfg = Release|Any CPU
		{3CA192E5-7567-469A-9CB1-0304A4E58B28}.Release|Any CPU.Build.0 = Release|Any CPU
	EndGlobalSection
	GlobalSection(SolutionProperties) = preSolution
		HideSolutionNode = FALSE
	EndGlobalSection
	GlobalSection(ExtensibilityGlobals) = postSolution
		SolutionGuid = {96793EC3-14DB-4A52-8612-FCE1711470D7}
	EndGlobalSection
EndGlobal
